// !$*UTF8*$!
{
	archiveVersion = 1;
	classes = {
	};
	objectVersion = 55;
	objects = {

/* Begin PBXBuildFile section */
		67044DA727989ABF00EA4179 /* linkdinsourcecontrolApp.swift in Sources */ = {isa = PBXBuildFile; fileRef = 67044DA627989ABF00EA4179 /* linkdinsourcecontrolApp.swift */; };
		67044DA927989ABF00EA4179 /* ContentView.swift in Sources */ = {isa = PBXBuildFile; fileRef = 67044DA827989ABF00EA4179 /* ContentView.swift */; };
		67044DAB27989AC000EA4179 /* Assets.xcassets in Resources */ = {isa = PBXBuildFile; fileRef = 67044DAA27989AC000EA4179 /* Assets.xcassets */; };
		67044DAE27989AC000EA4179 /* Preview Assets.xcassets in Resources */ = {isa = PBXBuildFile; fileRef = 67044DAD27989AC000EA4179 /* Preview Assets.xcassets */; };
		67044DB927989AC100EA4179 /* linkdinsourcecontrolTests.swift in Sources */ = {isa = PBXBuildFile; fileRef = 67044DB827989AC100EA4179 /* linkdinsourcecontrolTests.swift */; };
		67044DC327989AC100EA4179 /* linkdinsourcecontrolUITests.swift in Sources */ = {isa = PBXBuildFile; fileRef = 67044DC227989AC100EA4179 /* linkdinsourcecontrolUITests.swift */; };
		67044DC527989AC100EA4179 /* linkdinsourcecontrolUITestsLaunchTests.swift in Sources */ = {isa = PBXBuildFile; fileRef = 67044DC427989AC100EA4179 /* linkdinsourcecontrolUITestsLaunchTests.swift */; };
/* End PBXBuildFile section */

/* Begin PBXContainerItemProxy section */
		67044DB527989AC100EA4179 /* PBXContainerItemProxy */ = {
			isa = PBXContainerItemProxy;
			containerPortal = 67044D9B27989ABF00EA4179 /* Project object */;
			proxyType = 1;
			remoteGlobalIDString = 67044DA227989ABF00EA4179;
			remoteInfo = linkdinsourcecontrol;
		};
		67044DBF27989AC100EA4179 /* PBXContainerItemProxy */ = {
			isa = PBXContainerItemProxy;
			containerPortal = 67044D9B27989ABF00EA4179 /* Project object */;
			proxyType = 1;
			remoteGlobalIDString = 67044DA227989ABF00EA4179;
			remoteInfo = linkdinsourcecontrol;
		};
/* End PBXContainerItemProxy section */

/* Begin PBXFileReference section */
		67044DA327989ABF00EA4179 /* linkdinsourcecontrol.app */ = {isa = PBXFileReference; explicitFileType = wrapper.application; includeInIndex = 0; path = linkdinsourcecontrol.app; sourceTree = BUILT_PRODUCTS_DIR; };
		67044DA627989ABF00EA4179 /* linkdinsourcecontrolApp.swift */ = {isa = PBXFileReference; lastKnownFileType = sourcecode.swift; path = linkdinsourcecontrolApp.swift; sourceTree = "<group>"; };
		67044DA827989ABF00EA4179 /* ContentView.swift */ = {isa = PBXFileReference; lastKnownFileType = sourcecode.swift; path = ContentView.swift; sourceTree = "<group>"; };
		67044DAA27989AC000EA4179 /* Assets.xcassets */ = {isa = PBXFileReference; lastKnownFileType = folder.assetcatalog; path = Assets.xcassets; sourceTree = "<group>"; };
		67044DAD27989AC000EA4179 /* Preview Assets.xcassets */ = {isa = PBXFileReference; lastKnownFileType = folder.assetcatalog; path = "Preview Assets.xcassets"; sourceTree = "<group>"; };
		67044DAF27989AC000EA4179 /* linkdinsourcecontrol.entitlements */ = {isa = PBXFileReference; lastKnownFileType = text.plist.entitlements; path = linkdinsourcecontrol.entitlements; sourceTree = "<group>"; };
		67044DB427989AC100EA4179 /* linkdinsourcecontrolTests.xctest */ = {isa = PBXFileReference; explicitFileType = wrapper.cfbundle; includeInIndex = 0; path = linkdinsourcecontrolTests.xctest; sourceTree = BUILT_PRODUCTS_DIR; };
		67044DB827989AC100EA4179 /* linkdinsourcecontrolTests.swift */ = {isa = PBXFileReference; lastKnownFileType = sourcecode.swift; path = linkdinsourcecontrolTests.swift; sourceTree = "<group>"; };
		67044DBE27989AC100EA4179 /* linkdinsourcecontrolUITests.xctest */ = {isa = PBXFileReference; explicitFileType = wrapper.cfbundle; includeInIndex = 0; path = linkdinsourcecontrolUITests.xctest; sourceTree = BUILT_PRODUCTS_DIR; };
		67044DC227989AC100EA4179 /* linkdinsourcecontrolUITests.swift */ = {isa = PBXFileReference; lastKnownFileType = sourcecode.swift; path = linkdinsourcecontrolUITests.swift; sourceTree = "<group>"; };
		67044DC427989AC100EA4179 /* linkdinsourcecontrolUITestsLaunchTests.swift */ = {isa = PBXFileReference; lastKnownFileType = sourcecode.swift; path = linkdinsourcecontrolUITestsLaunchTests.swift; sourceTree = "<group>"; };
/* End PBXFileReference section */

/* Begin PBXFrameworksBuildPhase section */
		67044DA027989ABF00EA4179 /* Frameworks */ = {
			isa = PBXFrameworksBuildPhase;
			buildActionMask = 2147483647;
			files = (
			);
			runOnlyForDeploymentPostprocessing = 0;
		};
		67044DB127989AC100EA4179 /* Frameworks */ = {
			isa = PBXFrameworksBuildPhase;
			buildActionMask = 2147483647;
			files = (
			);
			runOnlyForDeploymentPostprocessing = 0;
		};
		67044DBB27989AC100EA4179 /* Frameworks */ = {
			isa = PBXFrameworksBuildPhase;
			buildActionMask = 2147483647;
			files = (
			);
			runOnlyForDeploymentPostprocessing = 0;
		};
/* End PBXFrameworksBuildPhase section */

/* Begin PBXGroup section */
		67044D9A27989ABF00EA4179 = {
			isa = PBXGroup;
			children = (
				67044DA527989ABF00EA4179 /* linkdinsourcecontrol */,
				67044DB727989AC100EA4179 /* linkdinsourcecontrolTests */,
				67044DC127989AC100EA4179 /* linkdinsourcecontrolUITests */,
				67044DA427989ABF00EA4179 /* Products */,
			);
			sourceTree = "<group>";
		};
		67044DA427989ABF00EA4179 /* Products */ = {
			isa = PBXGroup;
			children = (
				67044DA327989ABF00EA4179 /* linkdinsourcecontrol.app */,
				67044DB427989AC100EA4179 /* linkdinsourcecontrolTests.xctest */,
				67044DBE27989AC100EA4179 /* linkdinsourcecontrolUITests.xctest */,
			);
			name = Products;
			sourceTree = "<group>";
		};
		67044DA527989ABF00EA4179 /* linkdinsourcecontrol */ = {
			isa = PBXGroup;
			children = (
				67044DA627989ABF00EA4179 /* linkdinsourcecontrolApp.swift */,
				67044DA827989ABF00EA4179 /* ContentView.swift */,
				67044DAA27989AC000EA4179 /* Assets.xcassets */,
				67044DAF27989AC000EA4179 /* linkdinsourcecontrol.entitlements */,
				67044DAC27989AC000EA4179 /* Preview Content */,
			);
			path = linkdinsourcecontrol;
			sourceTree = "<group>";
		};
		67044DAC27989AC000EA4179 /* Preview Content */ = {
			isa = PBXGroup;
			children = (
				67044DAD27989AC000EA4179 /* Preview Assets.xcassets */,
			);
			path = "Preview Content";
			sourceTree = "<group>";
		};
		67044DB727989AC100EA4179 /* linkdinsourcecontrolTests */ = {
			isa = PBXGroup;
			children = (
				67044DB827989AC100EA4179 /* linkdinsourcecontrolTests.swift */,
			);
			path = linkdinsourcecontrolTests;
			sourceTree = "<group>";
		};
		67044DC127989AC100EA4179 /* linkdinsourcecontrolUITests */ = {
			isa = PBXGroup;
			children = (
				67044DC227989AC100EA4179 /* linkdinsourcecontrolUITests.swift */,
				67044DC427989AC100EA4179 /* linkdinsourcecontrolUITestsLaunchTests.swift */,
			);
			path = linkdinsourcecontrolUITests;
			sourceTree = "<group>";
		};
/* End PBXGroup section */

/* Begin PBXNativeTarget section */
		67044DA227989ABF00EA4179 /* linkdinsourcecontrol */ = {
			isa = PBXNativeTarget;
			buildConfigurationList = 67044DC827989AC100EA4179 /* Build configuration list for PBXNativeTarget "linkdinsourcecontrol" */;
			buildPhases = (
				67044D9F27989ABF00EA4179 /* Sources */,
				67044DA027989ABF00EA4179 /* Frameworks */,
				67044DA127989ABF00EA4179 /* Resources */,
			);
			buildRules = (
			);
			dependencies = (
			);
			name = linkdinsourcecontrol;
			productName = linkdinsourcecontrol;
			productReference = 67044DA327989ABF00EA4179 /* linkdinsourcecontrol.app */;
			productType = "com.apple.product-type.application";
		};
		67044DB327989AC100EA4179 /* linkdinsourcecontrolTests */ = {
			isa = PBXNativeTarget;
			buildConfigurationList = 67044DCB27989AC100EA4179 /* Build configuration list for PBXNativeTarget "linkdinsourcecontrolTests" */;
			buildPhases = (
				67044DB027989AC100EA4179 /* Sources */,
				67044DB127989AC100EA4179 /* Frameworks */,
				67044DB227989AC100EA4179 /* Resources */,
			);
			buildRules = (
			);
			dependencies = (
				67044DB627989AC100EA4179 /* PBXTargetDependency */,
			);
			name = linkdinsourcecontrolTests;
			productName = linkdinsourcecontrolTests;
			productReference = 67044DB427989AC100EA4179 /* linkdinsourcecontrolTests.xctest */;
			productType = "com.apple.product-type.bundle.unit-test";
		};
		67044DBD27989AC100EA4179 /* linkdinsourcecontrolUITests */ = {
			isa = PBXNativeTarget;
			buildConfigurationList = 67044DCE27989AC100EA4179 /* Build configuration list for PBXNativeTarget "linkdinsourcecontrolUITests" */;
			buildPhases = (
				67044DBA27989AC100EA4179 /* Sources */,
				67044DBB27989AC100EA4179 /* Frameworks */,
				67044DBC27989AC100EA4179 /* Resources */,
			);
			buildRules = (
			);
			dependencies = (
				67044DC027989AC100EA4179 /* PBXTargetDependency */,
			);
			name = linkdinsourcecontrolUITests;
			productName = linkdinsourcecontrolUITests;
			productReference = 67044DBE27989AC100EA4179 /* linkdinsourcecontrolUITests.xctest */;
			productType = "com.apple.product-type.bundle.ui-testing";
		};
/* End PBXNativeTarget section */

/* Begin PBXProject section */
		67044D9B27989ABF00EA4179 /* Project object */ = {
			isa = PBXProject;
			attributes = {
				BuildIndependentTargetsInParallel = 1;
				LastSwiftUpdateCheck = 1310;
				LastUpgradeCheck = 1310;
				TargetAttributes = {
					67044DA227989ABF00EA4179 = {
						CreatedOnToolsVersion = 13.1;
					};
					67044DB327989AC100EA4179 = {
						CreatedOnToolsVersion = 13.1;
						TestTargetID = 67044DA227989ABF00EA4179;
					};
					67044DBD27989AC100EA4179 = {
						CreatedOnToolsVersion = 13.1;
						TestTargetID = 67044DA227989ABF00EA4179;
					};
				};
			};
			buildConfigurationList = 67044D9E27989ABF00EA4179 /* Build configuration list for PBXProject "linkdinsourcecontrol" */;
			compatibilityVersion = "Xcode 13.0";
			developmentRegion = en;
			hasScannedForEncodings = 0;
			knownRegions = (
				en,
				Base,
			);
			mainGroup = 67044D9A27989ABF00EA4179;
			productRefGroup = 67044DA427989ABF00EA4179 /* Products */;
			projectDirPath = "";
			projectRoot = "";
			targets = (
				67044DA227989ABF00EA4179 /* linkdinsourcecontrol */,
				67044DB327989AC100EA4179 /* linkdinsourcecontrolTests */,
				67044DBD27989AC100EA4179 /* linkdinsourcecontrolUITests */,
			);
		};
/* End PBXProject section */

/* Begin PBXResourcesBuildPhase section */
		67044DA127989ABF00EA4179 /* Resources */ = {
			isa = PBXResourcesBuildPhase;
			buildActionMask = 2147483647;
			files = (
				67044DAE27989AC000EA4179 /* Preview Assets.xcassets in Resources */,
				67044DAB27989AC000EA4179 /* Assets.xcassets in Resources */,
			);
			runOnlyForDeploymentPostprocessing = 0;
		};
		67044DB227989AC100EA4179 /* Resources */ = {
			isa = PBXResourcesBuildPhase;
			buildActionMask = 2147483647;
			files = (
			);
			runOnlyForDeploymentPostprocessing = 0;
		};
		67044DBC27989AC100EA4179 /* Resources */ = {
			isa = PBXResourcesBuildPhase;
			buildActionMask = 2147483647;
			files = (
			);
			runOnlyForDeploymentPostprocessing = 0;
		};
/* End PBXResourcesBuildPhase section */

/* Begin PBXSourcesBuildPhase section */
		67044D9F27989ABF00EA4179 /* Sources */ = {
			isa = PBXSourcesBuildPhase;
			buildActionMask = 2147483647;
			files = (
				67044DA927989ABF00EA4179 /* ContentView.swift in Sources */,
				67044DA727989ABF00EA4179 /* linkdinsourcecontrolApp.swift in Sources */,
			);
			runOnlyForDeploymentPostprocessing = 0;
		};
		67044DB027989AC100EA4179 /* Sources */ = {
			isa = PBXSourcesBuildPhase;
			buildActionMask = 2147483647;
			files = (
				67044DB927989AC100EA4179 /* linkdinsourcecontrolTests.swift in Sources */,
			);
			runOnlyForDeploymentPostprocessing = 0;
		};
		67044DBA27989AC100EA4179 /* Sources */ = {
			isa = PBXSourcesBuildPhase;
			buildActionMask = 2147483647;
			files = (
				67044DC327989AC100EA4179 /* linkdinsourcecontrolUITests.swift in Sources */,
				67044DC527989AC100EA4179 /* linkdinsourcecontrolUITestsLaunchTests.swift in Sources */,
			);
			runOnlyForDeploymentPostprocessing = 0;
		};
/* End PBXSourcesBuildPhase section */

/* Begin PBXTargetDependency section */
		67044DB627989AC100EA4179 /* PBXTargetDependency */ = {
			isa = PBXTargetDependency;
			target = 67044DA227989ABF00EA4179 /* linkdinsourcecontrol */;
			targetProxy = 67044DB527989AC100EA4179 /* PBXContainerItemProxy */;
		};
		67044DC027989AC100EA4179 /* PBXTargetDependency */ = {
			isa = PBXTargetDependency;
			target = 67044DA227989ABF00EA4179 /* linkdinsourcecontrol */;
			targetProxy = 67044DBF27989AC100EA4179 /* PBXContainerItemProxy */;
		};
/* End PBXTargetDependency section */

/* Begin XCBuildConfiguration section */
		67044DC627989AC100EA4179 /* Debug */ = {
			isa = XCBuildConfiguration;
			buildSettings = {
				ALWAYS_SEARCH_USER_PATHS = NO;
				CLANG_ANALYZER_NONNULL = YES;
				CLANG_ANALYZER_NUMBER_OBJECT_CONVERSION = YES_AGGRESSIVE;
				CLANG_CXX_LANGUAGE_STANDARD = "gnu++17";
				CLANG_CXX_LIBRARY = "libc++";
				CLANG_ENABLE_MODULES = YES;
				CLANG_ENABLE_OBJC_ARC = YES;
				CLANG_ENABLE_OBJC_WEAK = YES;
				CLANG_WARN_BLOCK_CAPTURE_AUTORELEASING = YES;
				CLANG_WARN_BOOL_CONVERSION = YES;
				CLANG_WARN_COMMA = YES;
				CLANG_WARN_CONSTANT_CONVERSION = YES;
				CLANG_WARN_DEPRECATED_OBJC_IMPLEMENTATIONS = YES;
				CLANG_WARN_DIRECT_OBJC_ISA_USAGE = YES_ERROR;
				CLANG_WARN_DOCUMENTATION_COMMENTS = YES;
				CLANG_WARN_EMPTY_BODY = YES;
				CLANG_WARN_ENUM_CONVERSION = YES;
				CLANG_WARN_INFINITE_RECURSION = YES;
				CLANG_WARN_INT_CONVERSION = YES;
				CLANG_WARN_NON_LITERAL_NULL_CONVERSION = YES;
				CLANG_WARN_OBJC_IMPLICIT_RETAIN_SELF = YES;
				CLANG_WARN_OBJC_LITERAL_CONVERSION = YES;
				CLANG_WARN_OBJC_ROOT_CLASS = YES_ERROR;
				CLANG_WARN_QUOTED_INCLUDE_IN_FRAMEWORK_HEADER = YES;
				CLANG_WARN_RANGE_LOOP_ANALYSIS = YES;
				CLANG_WARN_STRICT_PROTOTYPES = YES;
				CLANG_WARN_SUSPICIOUS_MOVE = YES;
				CLANG_WARN_UNGUARDED_AVAILABILITY = YES_AGGRESSIVE;
				CLANG_WARN_UNREACHABLE_CODE = YES;
				CLANG_WARN__DUPLICATE_METHOD_MATCH = YES;
				COPY_PHASE_STRIP = NO;
				DEBUG_INFORMATION_FORMAT = dwarf;
				ENABLE_STRICT_OBJC_MSGSEND = YES;
				ENABLE_TESTABILITY = YES;
				GCC_C_LANGUAGE_STANDARD = gnu11;
				GCC_DYNAMIC_NO_PIC = NO;
				GCC_NO_COMMON_BLOCKS = YES;
				GCC_OPTIMIZATION_LEVEL = 0;
				GCC_PREPROCESSOR_DEFINITIONS = (
					"DEBUG=1",
					"$(inherited)",
				);
				GCC_WARN_64_TO_32_BIT_CONVERSION = YES;
				GCC_WARN_ABOUT_RETURN_TYPE = YES_ERROR;
				GCC_WARN_UNDECLARED_SELECTOR = YES;
				GCC_WARN_UNINITIALIZED_AUTOS = YES_AGGRESSIVE;
				GCC_WARN_UNUSED_FUNCTION = YES;
				GCC_WARN_UNUSED_VARIABLE = YES;
				MACOSX_DEPLOYMENT_TARGET = 12.0;
				MTL_ENABLE_DEBUG_INFO = INCLUDE_SOURCE;
				MTL_FAST_MATH = YES;
				ONLY_ACTIVE_ARCH = YES;
				SDKROOT = macosx;
				SWIFT_ACTIVE_COMPILATION_CONDITIONS = DEBUG;
				SWIFT_OPTIMIZATION_LEVEL = "-Onone";
			};
			name = Debug;
		};
		67044DC727989AC100EA4179 /* Release */ = {
			isa = XCBuildConfiguration;
			buildSettings = {
				ALWAYS_SEARCH_USER_PATHS = NO;
				CLANG_ANALYZER_NONNULL = YES;
				CLANG_ANALYZER_NUMBER_OBJECT_CONVERSION = YES_AGGRESSIVE;
				CLANG_CXX_LANGUAGE_STANDARD = "gnu++17";
				CLANG_CXX_LIBRARY = "libc++";
				CLANG_ENABLE_MODULES = YES;
				CLANG_ENABLE_OBJC_ARC = YES;
				CLANG_ENABLE_OBJC_WEAK = YES;
				CLANG_WARN_BLOCK_CAPTURE_AUTORELEASING = YES;
				CLANG_WARN_BOOL_CONVERSION = YES;
				CLANG_WARN_COMMA = YES;
				CLANG_WARN_CONSTANT_CONVERSION = YES;
				CLANG_WARN_DEPRECATED_OBJC_IMPLEMENTATIONS = YES;
				CLANG_WARN_DIRECT_OBJC_ISA_USAGE = YES_ERROR;
				CLANG_WARN_DOCUMENTATION_COMMENTS = YES;
				CLANG_WARN_EMPTY_BODY = YES;
				CLANG_WARN_ENUM_CONVERSION = YES;
				CLANG_WARN_INFINITE_RECURSION = YES;
				CLANG_WARN_INT_CONVERSION = YES;
				CLANG_WARN_NON_LITERAL_NULL_CONVERSION = YES;
				CLANG_WARN_OBJC_IMPLICIT_RETAIN_SELF = YES;
				CLANG_WARN_OBJC_LITERAL_CONVERSION = YES;
				CLANG_WARN_OBJC_ROOT_CLASS = YES_ERROR;
				CLANG_WARN_QUOTED_INCLUDE_IN_FRAMEWORK_HEADER = YES;
				CLANG_WARN_RANGE_LOOP_ANALYSIS = YES;
				CLANG_WARN_STRICT_PROTOTYPES = YES;
				CLANG_WARN_SUSPICIOUS_MOVE = YES;
				CLANG_WARN_UNGUARDED_AVAILABILITY = YES_AGGRESSIVE;
				CLANG_WARN_UNREACHABLE_CODE = YES;
				CLANG_WARN__DUPLICATE_METHOD_MATCH = YES;
				COPY_PHASE_STRIP = NO;
				DEBUG_INFORMATION_FORMAT = "dwarf-with-dsym";
				ENABLE_NS_ASSERTIONS = NO;
				ENABLE_STRICT_OBJC_MSGSEND = YES;
				GCC_C_LANGUAGE_STANDARD = gnu11;
				GCC_NO_COMMON_BLOCKS = YES;
				GCC_WARN_64_TO_32_BIT_CONVERSION = YES;
				GCC_WARN_ABOUT_RETURN_TYPE = YES_ERROR;
				GCC_WARN_UNDECLARED_SELECTOR = YES;
				GCC_WARN_UNINITIALIZED_AUTOS = YES_AGGRESSIVE;
				GCC_WARN_UNUSED_FUNCTION = YES;
				GCC_WARN_UNUSED_VARIABLE = YES;
				MACOSX_DEPLOYMENT_TARGET = 12.0;
				MTL_ENABLE_DEBUG_INFO = NO;
				MTL_FAST_MATH = YES;
				SDKROOT = macosx;
				SWIFT_COMPILATION_MODE = wholemodule;
				SWIFT_OPTIMIZATION_LEVEL = "-O";
			};
			name = Release;
		};
		67044DC927989AC100EA4179 /* Debug */ = {
			isa = XCBuildConfiguration;
			buildSettings = {
				ASSETCATALOG_COMPILER_APPICON_NAME = AppIcon;
				ASSETCATALOG_COMPILER_GLOBAL_ACCENT_COLOR_NAME = AccentColor;
				CODE_SIGN_ENTITLEMENTS = linkdinsourcecontrol/linkdinsourcecontrol.entitlements;
				CODE_SIGN_STYLE = Automatic;
				COMBINE_HIDPI_IMAGES = YES;
				CURRENT_PROJECT_VERSION = 1;
				DEVELOPMENT_ASSET_PATHS = "\"linkdinsourcecontrol/Preview Content\"";
				DEVELOPMENT_TEAM = S7Z6PK2BYF;
				ENABLE_HARDENED_RUNTIME = YES;
				ENABLE_PREVIEWS = YES;
				GENERATE_INFOPLIST_FILE = YES;
				INFOPLIST_KEY_NSHumanReadableCopyright = "";
				LD_RUNPATH_SEARCH_PATHS = (
					"$(inherited)",
					"@executable_path/../Frameworks",
				);
				MARKETING_VERSION = 1.0;
				PRODUCT_BUNDLE_IDENTIFIER = "Full-Sail-University.linkdinsourcecontrol";
				PRODUCT_NAME = "$(TARGET_NAME)";
				SWIFT_EMIT_LOC_STRINGS = YES;
				SWIFT_VERSION = 5.0;
			};
			name = Debug;
		};
		67044DCA27989AC100EA4179 /* Release */ = {
			isa = XCBuildConfiguration;
			buildSettings = {
				ASSETCATALOG_COMPILER_APPICON_NAME = AppIcon;
				ASSETCATALOG_COMPILER_GLOBAL_ACCENT_COLOR_NAME = AccentColor;
				CODE_SIGN_ENTITLEMENTS = linkdinsourcecontrol/linkdinsourcecontrol.entitlements;
				CODE_SIGN_STYLE = Automatic;
				COMBINE_HIDPI_IMAGES = YES;
				CURRENT_PROJECT_VERSION = 1;
				DEVELOPMENT_ASSET_PATHS = "\"linkdinsourcecontrol/Preview Content\"";
				DEVELOPMENT_TEAM = S7Z6PK2BYF;
				ENABLE_HARDENED_RUNTIME = YES;
				ENABLE_PREVIEWS = YES;
				GENERATE_INFOPLIST_FILE = YES;
				INFOPLIST_KEY_NSHumanReadableCopyright = "";
				LD_RUNPATH_SEARCH_PATHS = (
					"$(inherited)",
					"@executable_path/../Frameworks",
				);
				MARKETING_VERSION = 1.0;
				PRODUCT_BUNDLE_IDENTIFIER = "Full-Sail-University.linkdinsourcecontrol";
				PRODUCT_NAME = "$(TARGET_NAME)";
				SWIFT_EMIT_LOC_STRINGS = YES;
				SWIFT_VERSION = 5.0;
			};
			name = Release;
		};
		67044DCC27989AC100EA4179 /* Debug */ = {
			isa = XCBuildConfiguration;
			buildSettings = {
				ALWAYS_EMBED_SWIFT_STANDARD_LIBRARIES = YES;
				BUNDLE_LOADER = "$(TEST_HOST)";
				CODE_SIGN_STYLE = Automatic;
				COMBINE_HIDPI_IMAGES = YES;
				CURRENT_PROJECT_VERSION = 1;
				DEVELOPMENT_TEAM = S7Z6PK2BYF;
				GENERATE_INFOPLIST_FILE = YES;
				LD_RUNPATH_SEARCH_PATHS = (
					"$(inherited)",
					"@executable_path/../Frameworks",
					"@loader_path/../Frameworks",
				);
				MACOSX_DEPLOYMENT_TARGET = 12.0;
				MARKETING_VERSION = 1.0;
				PRODUCT_BUNDLE_IDENTIFIER = "Full-Sail-University.linkdinsourcecontrolTests";
				PRODUCT_NAME = "$(TARGET_NAME)";
				SWIFT_EMIT_LOC_STRINGS = NO;
				SWIFT_VERSION = 5.0;
				TEST_HOST = "$(BUILT_PRODUCTS_DIR)/linkdinsourcecontrol.app/Contents/MacOS/linkdinsourcecontrol";
			};
			name = Debug;
		};
		67044DCD27989AC100EA4179 /* Release */ = {
			isa = XCBuildConfiguration;
			buildSettings = {
				ALWAYS_EMBED_SWIFT_STANDARD_LIBRARIES = YES;
				BUNDLE_LOADER = "$(TEST_HOST)";
				CODE_SIGN_STYLE = Automatic;
				COMBINE_HIDPI_IMAGES = YES;
				CURRENT_PROJECT_VERSION = 1;
				DEVELOPMENT_TEAM = S7Z6PK2BYF;
				GENERATE_INFOPLIST_FILE = YES;
				LD_RUNPATH_SEARCH_PATHS = (
					"$(inherited)",
					"@executable_path/../Frameworks",
					"@loader_path/../Frameworks",
				);
				MACOSX_DEPLOYMENT_TARGET = 12.0;
				MARKETING_VERSION = 1.0;
				PRODUCT_BUNDLE_IDENTIFIER = "Full-Sail-University.linkdinsourcecontrolTests";
				PRODUCT_NAME = "$(TARGET_NAME)";
				SWIFT_EMIT_LOC_STRINGS = NO;
				SWIFT_VERSION = 5.0;
				TEST_HOST = "$(BUILT_PRODUCTS_DIR)/linkdinsourcecontrol.app/Contents/MacOS/linkdinsourcecontrol";
			};
			name = Release;
		};
		67044DCF27989AC100EA4179 /* Debug */ = {
			isa = XCBuildConfiguration;
			buildSettings = {
				ALWAYS_EMBED_SWIFT_STANDARD_LIBRARIES = YES;
				CODE_SIGN_STYLE = Automatic;
				COMBINE_HIDPI_IMAGES = YES;
				CURRENT_PROJECT_VERSION = 1;
				DEVELOPMENT_TEAM = S7Z6PK2BYF;
				GENERATE_INFOPLIST_FILE = YES;
				LD_RUNPATH_SEARCH_PATHS = (
					"$(inherited)",
					"@executable_path/../Frameworks",
					"@loader_path/../Frameworks",
				);
				MARKETING_VERSION = 1.0;
				PRODUCT_BUNDLE_IDENTIFIER = "Full-Sail-University.linkdinsourcecontrolUITests";
				PRODUCT_NAME = "$(TARGET_NAME)";
				SWIFT_EMIT_LOC_STRINGS = NO;
				SWIFT_VERSION = 5.0;
				TEST_TARGET_NAME = linkdinsourcecontrol;
			};
			name = Debug;
		};
		67044DD027989AC100EA4179 /* Release */ = {
			isa = XCBuildConfiguration;
			buildSettings = {
				ALWAYS_EMBED_SWIFT_STANDARD_LIBRARIES = YES;
				CODE_SIGN_STYLE = Automatic;
				COMBINE_HIDPI_IMAGES = YES;
				CURRENT_PROJECT_VERSION = 1;
				DEVELOPMENT_TEAM = S7Z6PK2BYF;
				GENERATE_INFOPLIST_FILE = YES;
				LD_RUNPATH_SEARCH_PATHS = (
					"$(inherited)",
					"@executable_path/../Frameworks",
					"@loader_path/../Frameworks",
				);
				MARKETING_VERSION = 1.0;
				PRODUCT_BUNDLE_IDENTIFIER = "Full-Sail-University.linkdinsourcecontrolUITests";
				PRODUCT_NAME = "$(TARGET_NAME)";
				SWIFT_EMIT_LOC_STRINGS = NO;
				SWIFT_VERSION = 5.0;
				TEST_TARGET_NAME = linkdinsourcecontrol;
			};
			name = Release;
		};
/* End XCBuildConfiguration section */

/* Begin XCConfigurationList section */
		67044D9E27989ABF00EA4179 /* Build configuration list for PBXProject "linkdinsourcecontrol" */ = {
			isa = XCConfigurationList;
			buildConfigurations = (
				67044DC627989AC100EA4179 /* Debug */,
				67044DC727989AC100EA4179 /* Release */,
			);
			defaultConfigurationIsVisible = 0;
			defaultConfigurationName = Release;
		};
		67044DC827989AC100EA4179 /* Build configuration list for PBXNativeTarget "linkdinsourcecontrol" */ = {
			isa = XCConfigurationList;
			buildConfigurations = (
				67044DC927989AC100EA4179 /* Debug */,
				67044DCA27989AC100EA4179 /* Release */,
			);
			defaultConfigurationIsVisible = 0;
			defaultConfigurationName = Release;
		};
		67044DCB27989AC100EA4179 /* Build configuration list for PBXNativeTarget "linkdinsourcecontrolTests" */ = {
			isa = XCConfigurationList;
			buildConfigurations = (
				67044DCC27989AC100EA4179 /* Debug */,
				67044DCD27989AC100EA4179 /* Release */,
			);
			defaultConfigurationIsVisible = 0;
			defaultConfigurationName = Release;
		};
		67044DCE27989AC100EA4179 /* Build configuration list for PBXNativeTarget "linkdinsourcecontrolUITests" */ = {
			isa = XCConfigurationList;
			buildConfigurations = (
				67044DCF27989AC100EA4179 /* Debug */,
				67044DD027989AC100EA4179 /* Release */,
			);
			defaultConfigurationIsVisible = 0;
			defaultConfigurationName = Release;
		};
/* End XCConfigurationList section */
	};
	rootObject = 67044D9B27989ABF00EA4179 /* Project object */;
}
